{
    "name": "AutomatasT3v3",
    "version": "3.0.0",
    "lockfileVersion": 2,
    "requires": true,
    "packages": {
        "": {
            "version": "1.0.0",
            "dependencies": {
                "p-log": "^3.0.0"
            }
        },
        "node_modules/p-log": {
            "version": "3.0.0",
            "resolved": "https://registry.npmjs.org/p-log/-/p-log-3.0.0.tgz",
            "integrity": "sha512-ogOIDbW35kQ/PTQkOoaRWFexahsNLbjiczAnk+1CoESYol2V0asCF9daGTiPuax5p62lJ2tSG12Q8O7sWLCE7Q==",
            "dependencies": {
                "p-tap": "^4.0.0"
            },
            "engines": {
                "node": ">=12"
            },
            "funding": {
                "url": "https://github.com/sponsors/sindresorhus"
            }
        },
        "node_modules/p-tap": {
            "version": "4.0.0",
            "resolved": "https://registry.npmjs.org/p-tap/-/p-tap-4.0.0.tgz",
            "integrity": "sha512-G7GTcera93GkIIt5iM57ITilyMR1nSlGKjwSEifhP7F8I2QtOsHbokoRulAgHW2V5JxLS5Tg/7ToX2YHkPjlFA==",
            "engines": {
                "node": ">=12"
            },
            "funding": {
                "url": "https://github.com/sponsors/sindresorhus"
            }
        }
    },
    "dependencies": {
        "p-log": {
            "version": "3.0.0",
            "resolved": "https://registry.npmjs.org/p-log/-/p-log-3.0.0.tgz",
            "integrity": "sha512-ogOIDbW35kQ/PTQkOoaRWFexahsNLbjiczAnk+1CoESYol2V0asCF9daGTiPuax5p62lJ2tSG12Q8O7sWLCE7Q==",
            "requires": {
                "p-tap": "^4.0.0"
            }
        },
        "p-tap": {
            "version": "4.0.0",
            "resolved": "https://registry.npmjs.org/p-tap/-/p-tap-4.0.0.tgz",
            "integrity": "sha512-G7GTcera93GkIIt5iM57ITilyMR1nSlGKjwSEifhP7F8I2QtOsHbokoRulAgHW2V5JxLS5Tg/7ToX2YHkPjlFA=="
        }
    }
}
